
Microsoft Visual Studio Solution File, Format Version 12.00
# Visual Studio Version 16
VisualStudioVersion = 16.0.29215.179
MinimumVisualStudioVersion = 10.0.40219.1
Project("{FAE04EC0-301F-11D3-BF4B-00C04F79EFBC}") = "Platzi01", "Platzi01\Platzi01.csproj", "{0F2C7965-827E-4990-A607-4D35688F59AB}"
EndProject
Global
	GlobalSection(SolutionConfigurationPlatforms) = preSolution
		Debug|Any CPU = Debug|Any CPU
		Release|Any CPU = Release|Any CPU
	EndGlobalSection
	GlobalSection(ProjectConfigurationPlatforms) = postSolution
		{0F2C7965-827E-4990-A607-4D35688F59AB}.Debug|Any CPU.ActiveCfg = Debug|Any CPU
		{0F2C7965-827E-4990-A607-4D35688F59AB}.Debug|Any CPU.Build.0 = Debug|Any CPU
		{0F2C7965-827E-4990-A607-4D35688F59AB}.Release|Any CPU.ActiveCfg = Release|Any CPU
		{0F2C7965-827E-4990-A607-4D35688F59AB}.Release|Any CPU.Build.0 = Release|Any CPU
	EndGlobalSection
	GlobalSection(SolutionProperties) = preSolution
		HideSolutionNode = FALSE
	EndGlobalSection
	GlobalSection(ExtensibilityGlobals) = postSolution
		SolutionGuid = {4103BFBF-3497-465A-9378-3D7F18E0F304}
	EndGlobalSection
EndGlobal
